
Microsoft Visual Studio Solution File, Format Version 12.00
Project("{FAE04EC0-301F-11D3-BF4B-00C04F79EFBC}") = "http-client-redirect-bug", "http-client-redirect-bug.csproj", "{55AB6B92-5D8B-49C3-93CA-3BC78345C553}"
EndProject
Global
	GlobalSection(SolutionConfigurationPlatforms) = preSolution
		Debug|Any CPU = Debug|Any CPU
		Release|Any CPU = Release|Any CPU
	EndGlobalSection
	GlobalSection(ProjectConfigurationPlatforms) = postSolution
		{55AB6B92-5D8B-49C3-93CA-3BC78345C553}.Debug|Any CPU.ActiveCfg = Debug|Any CPU
		{55AB6B92-5D8B-49C3-93CA-3BC78345C553}.Debug|Any CPU.Build.0 = Debug|Any CPU
		{55AB6B92-5D8B-49C3-93CA-3BC78345C553}.Release|Any CPU.ActiveCfg = Release|Any CPU
		{55AB6B92-5D8B-49C3-93CA-3BC78345C553}.Release|Any CPU.Build.0 = Release|Any CPU
	EndGlobalSection
EndGlobal
